
Microsoft Visual Studio Solution File, Format Version 12.00
# Visual Studio Version 16
VisualStudioVersion = 16.0.29318.209
MinimumVisualStudioVersion = 10.0.40219.1
Project("{FAE04EC0-301F-11D3-BF4B-00C04F79EFBC}") = "1", "App1\1.csproj", "{75CB5789-4C50-47E1-8EA2-FE56411F0A37}"
EndProject
Project("{FAE04EC0-301F-11D3-BF4B-00C04F79EFBC}") = "2", "App2\2.csproj", "{DDFB2688-4154-447F-9F51-914669A3E90D}"
EndProject
Project("{FAE04EC0-301F-11D3-BF4B-00C04F79EFBC}") = "3", "App3\3.csproj", "{3F03FAE3-B3A7-4C17-94B5-15B5F65DF765}"
EndProject
Global
	GlobalSection(SolutionConfigurationPlatforms) = preSolution
		Debug|Any CPU = Debug|Any CPU
		Release|Any CPU = Release|Any CPU
	EndGlobalSection
	GlobalSection(ProjectConfigurationPlatforms) = postSolution
		{75CB5789-4C50-47E1-8EA2-FE56411F0A37}.Debug|Any CPU.ActiveCfg = Debug|Any CPU
		{75CB5789-4C50-47E1-8EA2-FE56411F0A37}.Debug|Any CPU.Build.0 = Debug|Any CPU
		{75CB5789-4C50-47E1-8EA2-FE56411F0A37}.Release|Any CPU.ActiveCfg = Release|Any CPU
		{75CB5789-4C50-47E1-8EA2-FE56411F0A37}.Release|Any CPU.Build.0 = Release|Any CPU
		{DDFB2688-4154-447F-9F51-914669A3E90D}.Debug|Any CPU.ActiveCfg = Debug|Any CPU
		{DDFB2688-4154-447F-9F51-914669A3E90D}.Debug|Any CPU.Build.0 = Debug|Any CPU
		{DDFB2688-4154-447F-9F51-914669A3E90D}.Release|Any CPU.ActiveCfg = Release|Any CPU
		{DDFB2688-4154-447F-9F51-914669A3E90D}.Release|Any CPU.Build.0 = Release|Any CPU
		{3F03FAE3-B3A7-4C17-94B5-15B5F65DF765}.Debug|Any CPU.ActiveCfg = Debug|Any CPU
		{3F03FAE3-B3A7-4C17-94B5-15B5F65DF765}.Debug|Any CPU.Build.0 = Debug|Any CPU
		{3F03FAE3-B3A7-4C17-94B5-15B5F65DF765}.Release|Any CPU.ActiveCfg = Release|Any CPU
		{3F03FAE3-B3A7-4C17-94B5-15B5F65DF765}.Release|Any CPU.Build.0 = Release|Any CPU
	EndGlobalSection
	GlobalSection(SolutionProperties) = preSolution
		HideSolutionNode = FALSE
	EndGlobalSection
	GlobalSection(ExtensibilityGlobals) = postSolution
		SolutionGuid = {66F0FCF3-5A1B-4F65-A677-3B554EA583B0}
	EndGlobalSection
EndGlobal
